
Microsoft Visual Studio Solution File, Format Version 12.00
# Visual Studio Version 17
VisualStudioVersion = 17.10.35027.167
MinimumVisualStudioVersion = 10.0.40219.1
Project("{FAE04EC0-301F-11D3-BF4B-00C04F79EFBC}") = "WpfApp1", "WpfApp1\WpfApp1.csproj", "{E7042D76-666D-4C32-9832-90AAC31495DE}"
EndProject
Global
	GlobalSection(SolutionConfigurationPlatforms) = preSolution
		Debug|Any CPU = Debug|Any CPU
		Release|Any CPU = Release|Any CPU
	EndGlobalSection
	GlobalSection(ProjectConfigurationPlatforms) = postSolution
		{E7042D76-666D-4C32-9832-90AAC31495DE}.Debug|Any CPU.ActiveCfg = Debug|Any CPU
		{E7042D76-666D-4C32-9832-90AAC31495DE}.Debug|Any CPU.Build.0 = Debug|Any CPU
		{E7042D76-666D-4C32-9832-90AAC31495DE}.Release|Any CPU.ActiveCfg = Release|Any CPU
		{E7042D76-666D-4C32-9832-90AAC31495DE}.Release|Any CPU.Build.0 = Release|Any CPU
	EndGlobalSection
	GlobalSection(SolutionProperties) = preSolution
		HideSolutionNode = FALSE
	EndGlobalSection
	GlobalSection(ExtensibilityGlobals) = postSolution
		SolutionGuid = {80AE3F44-A084-4083-9EF0-02B810067069}
	EndGlobalSection
EndGlobal
